<?xml version="1.0" encoding="utf-8"?>
<Project ToolsVersion="16.0" xmlns="http://schemas.microsoft.com/developer/msbuild/2003">
  <ItemGroup>
    <ClCompile Include="C:\USER\Projets\empty-kata-cpp\Google_tests\lib\googletest\src\gtest-all.cc">
      <Filter>Source Files</Filter>
    </ClCompile>
  </ItemGroup>
  <ItemGroup>
    <CustomBuild Include="C:\USER\Projets\empty-kata-cpp\Google_tests\lib\googletest\CMakeLists.txt" />
  </ItemGroup>
  <ItemGroup>
    <Filter Include="Source Files">
      <UniqueIdentifier>{042F097B-9918-3616-9983-547D0F88A0FB}</UniqueIdentifier>
    </Filter>
  </ItemGroup>
</Project>
